
Microsoft Visual Studio Solution File, Format Version 12.00
# Visual Studio Version 17
VisualStudioVersion = 17.13.35818.85 d17.13
MinimumVisualStudioVersion = 10.0.40219.1
Project("{FAE04EC0-301F-11D3-BF4B-00C04F79EFBC}") = "jurnalmodul7_kelompok_7", "jurnalmodul7_kelompok_7.csproj", "{C9F4E71D-F4BD-4627-A5BD-C89C5D5541CB}"
EndProject
Global
	GlobalSection(SolutionConfigurationPlatforms) = preSolution
		Debug|Any CPU = Debug|Any CPU
		Release|Any CPU = Release|Any CPU
	EndGlobalSection
	GlobalSection(ProjectConfigurationPlatforms) = postSolution
		{C9F4E71D-F4BD-4627-A5BD-C89C5D5541CB}.Debug|Any CPU.ActiveCfg = Debug|Any CPU
		{C9F4E71D-F4BD-4627-A5BD-C89C5D5541CB}.Debug|Any CPU.Build.0 = Debug|Any CPU
		{C9F4E71D-F4BD-4627-A5BD-C89C5D5541CB}.Release|Any CPU.ActiveCfg = Release|Any CPU
		{C9F4E71D-F4BD-4627-A5BD-C89C5D5541CB}.Release|Any CPU.Build.0 = Release|Any CPU
	EndGlobalSection
	GlobalSection(SolutionProperties) = preSolution
		HideSolutionNode = FALSE
	EndGlobalSection
	GlobalSection(ExtensibilityGlobals) = postSolution
		SolutionGuid = {CF30F35C-8331-48B0-B4CE-74B82FCC1BAB}
	EndGlobalSection
EndGlobal
